
Microsoft Visual Studio Solution File, Format Version 12.00
# Visual Studio Version 17
VisualStudioVersion = 17.9.34622.214
MinimumVisualStudioVersion = 10.0.40219.1
Project("{FAE04EC0-301F-11D3-BF4B-00C04F79EFBC}") = "ModernHome", "ModernHome.csproj", "{7B668C5B-B5B3-4505-8B9E-6961CF970C6C}"
EndProject
Global
	GlobalSection(SolutionConfigurationPlatforms) = preSolution
		Debug|Any CPU = Debug|Any CPU
		Release|Any CPU = Release|Any CPU
	EndGlobalSection
	GlobalSection(ProjectConfigurationPlatforms) = postSolution
		{7B668C5B-B5B3-4505-8B9E-6961CF970C6C}.Debug|Any CPU.ActiveCfg = Debug|Any CPU
		{7B668C5B-B5B3-4505-8B9E-6961CF970C6C}.Debug|Any CPU.Build.0 = Debug|Any CPU
		{7B668C5B-B5B3-4505-8B9E-6961CF970C6C}.Release|Any CPU.ActiveCfg = Release|Any CPU
		{7B668C5B-B5B3-4505-8B9E-6961CF970C6C}.Release|Any CPU.Build.0 = Release|Any CPU
	EndGlobalSection
	GlobalSection(SolutionProperties) = preSolution
		HideSolutionNode = FALSE
	EndGlobalSection
	GlobalSection(ExtensibilityGlobals) = postSolution
		SolutionGuid = {8DECC88F-7084-4DE6-9AC5-FFC0BD809F29}
	EndGlobalSection
EndGlobal
